// !$*UTF8*$!
{
	archiveVersion = 1;
	classes = {
	};
	objectVersion = 50;
	objects = {

/* Begin PBXBuildFile section */
		284A9E0E23BE856A00FF9272 /* AppDelegate.swift in Sources */ = {isa = PBXBuildFile; fileRef = 284A9E0D23BE856A00FF9272 /* AppDelegate.swift */; };
		284A9E1023BE856A00FF9272 /* SceneDelegate.swift in Sources */ = {isa = PBXBuildFile; fileRef = 284A9E0F23BE856A00FF9272 /* SceneDelegate.swift */; };
		284A9E1223BE856A00FF9272 /* ViewController.swift in Sources */ = {isa = PBXBuildFile; fileRef = 284A9E1123BE856A00FF9272 /* ViewController.swift */; };
		284A9E1523BE856A00FF9272 /* Main.storyboard in Resources */ = {isa = PBXBuildFile; fileRef = 284A9E1323BE856A00FF9272 /* Main.storyboard */; };
		284A9E1723BE856D00FF9272 /* Assets.xcassets in Resources */ = {isa = PBXBuildFile; fileRef = 284A9E1623BE856D00FF9272 /* Assets.xcassets */; };
		284A9E1A23BE856D00FF9272 /* LaunchScreen.storyboard in Resources */ = {isa = PBXBuildFile; fileRef = 284A9E1823BE856D00FF9272 /* LaunchScreen.storyboard */; };
		284A9E2223BE857E00FF9272 /* PathView.swift in Sources */ = {isa = PBXBuildFile; fileRef = 284A9E2123BE857E00FF9272 /* PathView.swift */; };
/* End PBXBuildFile section */

/* Begin PBXFileReference section */
		284A9E0A23BE856A00FF9272 /* PathDrawingDemo.app */ = {isa = PBXFileReference; explicitFileType = wrapper.application; includeInIndex = 0; path = PathDrawingDemo.app; sourceTree = BUILT_PRODUCTS_DIR; };
		284A9E0D23BE856A00FF9272 /* AppDelegate.swift */ = {isa = PBXFileReference; lastKnownFileType = sourcecode.swift; path = AppDelegate.swift; sourceTree = "<group>"; };
		284A9E0F23BE856A00FF9272 /* SceneDelegate.swift */ = {isa = PBXFileReference; lastKnownFileType = sourcecode.swift; path = SceneDelegate.swift; sourceTree = "<group>"; };
		284A9E1123BE856A00FF9272 /* ViewController.swift */ = {isa = PBXFileReference; lastKnownFileType = sourcecode.swift; path = ViewController.swift; sourceTree = "<group>"; };
		284A9E1423BE856A00FF9272 /* Base */ = {isa = PBXFileReference; lastKnownFileType = file.storyboard; name = Base; path = Base.lproj/Main.storyboard; sourceTree = "<group>"; };
		284A9E1623BE856D00FF9272 /* Assets.xcassets */ = {isa = PBXFileReference; lastKnownFileType = folder.assetcatalog; path = Assets.xcassets; sourceTree = "<group>"; };
		284A9E1923BE856D00FF9272 /* Base */ = {isa = PBXFileReference; lastKnownFileType = file.storyboard; name = Base; path = Base.lproj/LaunchScreen.storyboard; sourceTree = "<group>"; };
		284A9E1B23BE856D00FF9272 /* Info.plist */ = {isa = PBXFileReference; lastKnownFileType = text.plist.xml; path = Info.plist; sourceTree = "<group>"; };
		284A9E2123BE857E00FF9272 /* PathView.swift */ = {isa = PBXFileReference; lastKnownFileType = sourcecode.swift; path = PathView.swift; sourceTree = "<group>"; };
/* End PBXFileReference section */

/* Begin PBXFrameworksBuildPhase section */
		284A9E0723BE856A00FF9272 /* Frameworks */ = {
			isa = PBXFrameworksBuildPhase;
			buildActionMask = 2147483647;
			files = (
			);
			runOnlyForDeploymentPostprocessing = 0;
		};
/* End PBXFrameworksBuildPhase section */

/* Begin PBXGroup section */
		284A9E0123BE856A00FF9272 = {
			isa = PBXGroup;
			children = (
				284A9E0C23BE856A00FF9272 /* PathDrawingDemo */,
				284A9E0B23BE856A00FF9272 /* Products */,
			);
			sourceTree = "<group>";
		};
		284A9E0B23BE856A00FF9272 /* Products */ = {
			isa = PBXGroup;
			children = (
				284A9E0A23BE856A00FF9272 /* PathDrawingDemo.app */,
			);
			name = Products;
			sourceTree = "<group>";
		};
		284A9E0C23BE856A00FF9272 /* PathDrawingDemo */ = {
			isa = PBXGroup;
			children = (
				284A9E1B23BE856D00FF9272 /* Info.plist */,
				284A9E0D23BE856A00FF9272 /* AppDelegate.swift */,
				284A9E2123BE857E00FF9272 /* PathView.swift */,
				284A9E0F23BE856A00FF9272 /* SceneDelegate.swift */,
				284A9E1123BE856A00FF9272 /* ViewController.swift */,
				284A9E1623BE856D00FF9272 /* Assets.xcassets */,
				284A9E1823BE856D00FF9272 /* LaunchScreen.storyboard */,
				284A9E1323BE856A00FF9272 /* Main.storyboard */,
			);
			path = PathDrawingDemo;
			sourceTree = "<group>";
		};
/* End PBXGroup section */

/* Begin PBXNativeTarget section */
		284A9E0923BE856A00FF9272 /* PathDrawingDemo */ = {
			isa = PBXNativeTarget;
			buildConfigurationList = 284A9E1E23BE856D00FF9272 /* Build configuration list for PBXNativeTarget "PathDrawingDemo" */;
			buildPhases = (
				284A9E0623BE856A00FF9272 /* Sources */,
				284A9E0723BE856A00FF9272 /* Frameworks */,
				284A9E0823BE856A00FF9272 /* Resources */,
			);
			buildRules = (
			);
			dependencies = (
			);
			name = PathDrawingDemo;
			productName = PathDrawingDemo;
			productReference = 284A9E0A23BE856A00FF9272 /* PathDrawingDemo.app */;
			productType = "com.apple.product-type.application";
		};
/* End PBXNativeTarget section */

/* Begin PBXProject section */
		284A9E0223BE856A00FF9272 /* Project object */ = {
			isa = PBXProject;
			attributes = {
				LastSwiftUpdateCheck = 1130;
				LastUpgradeCheck = 1130;
				ORGANIZATIONNAME = com.ahmedkhalaf;
				TargetAttributes = {
					284A9E0923BE856A00FF9272 = {
						CreatedOnToolsVersion = 11.3;
					};
				};
			};
			buildConfigurationList = 284A9E0523BE856A00FF9272 /* Build configuration list for PBXProject "PathDrawingDemo" */;
			compatibilityVersion = "Xcode 9.3";
			developmentRegion = en;
			hasScannedForEncodings = 0;
			knownRegions = (
				en,
				Base,
			);
			mainGroup = 284A9E0123BE856A00FF9272;
			productRefGroup = 284A9E0B23BE856A00FF9272 /* Products */;
			projectDirPath = "";
			projectRoot = "";
			targets = (
				284A9E0923BE856A00FF9272 /* PathDrawingDemo */,
			);
		};
/* End PBXProject section */

/* Begin PBXResourcesBuildPhase section */
		284A9E0823BE856A00FF9272 /* Resources */ = {
			isa = PBXResourcesBuildPhase;
			buildActionMask = 2147483647;
			files = (
				284A9E1A23BE856D00FF9272 /* LaunchScreen.storyboard in Resources */,
				284A9E1723BE856D00FF9272 /* Assets.xcassets in Resources */,
				284A9E1523BE856A00FF9272 /* Main.storyboard in Resources */,
			);
			runOnlyForDeploymentPostprocessing = 0;
		};
/* End PBXResourcesBuildPhase section */

/* Begin PBXSourcesBuildPhase section */
		284A9E0623BE856A00FF9272 /* Sources */ = {
			isa = PBXSourcesBuildPhase;
			buildActionMask = 2147483647;
			files = (
				284A9E1223BE856A00FF9272 /* ViewController.swift in Sources */,
				284A9E2223BE857E00FF9272 /* PathView.swift in Sources */,
				284A9E0E23BE856A00FF9272 /* AppDelegate.swift in Sources */,
				284A9E1023BE856A00FF9272 /* SceneDelegate.swift in Sources */,
			);
			runOnlyForDeploymentPostprocessing = 0;
		};
/* End PBXSourcesBuildPhase section */

/* Begin PBXVariantGroup section */
		284A9E1323BE856A00FF9272 /* Main.storyboard */ = {
			isa = PBXVariantGroup;
			children = (
				284A9E1423BE856A00FF9272 /* Base */,
			);
			name = Main.storyboard;
			sourceTree = "<group>";
		};
		284A9E1823BE856D00FF9272 /* LaunchScreen.storyboard */ = {
			isa = PBXVariantGroup;
			children = (
				284A9E1923BE856D00FF9272 /* Base */,
			);
			name = LaunchScreen.storyboard;
			sourceTree = "<group>";
		};
/* End PBXVariantGroup section */

/* Begin XCBuildConfiguration section */
		284A9E1C23BE856D00FF9272 /* Debug */ = {
			isa = XCBuildConfiguration;
			buildSettings = {
				ALWAYS_SEARCH_USER_PATHS = NO;
				CLANG_ANALYZER_NONNULL = YES;
				CLANG_ANALYZER_NUMBER_OBJECT_CONVERSION = YES_AGGRESSIVE;
				CLANG_CXX_LANGUAGE_STANDARD = "gnu++14";
				CLANG_CXX_LIBRARY = "libc++";
				CLANG_ENABLE_MODULES = YES;
				CLANG_ENABLE_OBJC_ARC = YES;
				CLANG_ENABLE_OBJC_WEAK = YES;
				CLANG_WARN_BLOCK_CAPTURE_AUTORELEASING = YES;
				CLANG_WARN_BOOL_CONVERSION = YES;
				CLANG_WARN_COMMA = YES;
				CLANG_WARN_CONSTANT_CONVERSION = YES;
				CLANG_WARN_DEPRECATED_OBJC_IMPLEMENTATIONS = YES;
				CLANG_WARN_DIRECT_OBJC_ISA_USAGE = YES_ERROR;
				CLANG_WARN_DOCUMENTATION_COMMENTS = YES;
				CLANG_WARN_EMPTY_BODY = YES;
				CLANG_WARN_ENUM_CONVERSION = YES;
				CLANG_WARN_INFINITE_RECURSION = YES;
				CLANG_WARN_INT_CONVERSION = YES;
				CLANG_WARN_NON_LITERAL_NULL_CONVERSION = YES;
				CLANG_WARN_OBJC_IMPLICIT_RETAIN_SELF = YES;
				CLANG_WARN_OBJC_LITERAL_CONVERSION = YES;
				CLANG_WARN_OBJC_ROOT_CLASS = YES_ERROR;
				CLANG_WARN_RANGE_LOOP_ANALYSIS = YES;
				CLANG_WARN_STRICT_PROTOTYPES = YES;
				CLANG_WARN_SUSPICIOUS_MOVE = YES;
				CLANG_WARN_UNGUARDED_AVAILABILITY = YES_AGGRESSIVE;
				CLANG_WARN_UNREACHABLE_CODE = YES;
				CLANG_WARN__DUPLICATE_METHOD_MATCH = YES;
				COPY_PHASE_STRIP = NO;
				DEBUG_INFORMATION_FORMAT = dwarf;
				ENABLE_STRICT_OBJC_MSGSEND = YES;
				ENABLE_TESTABILITY = YES;
				GCC_C_LANGUAGE_STANDARD = gnu11;
				GCC_DYNAMIC_NO_PIC = NO;
				GCC_NO_COMMON_BLOCKS = YES;
				GCC_OPTIMIZATION_LEVEL = 0;
				GCC_PREPROCESSOR_DEFINITIONS = (
					"DEBUG=1",
					"$(inherited)",
				);
				GCC_WARN_64_TO_32_BIT_CONVERSION = YES;
				GCC_WARN_ABOUT_RETURN_TYPE = YES_ERROR;
				GCC_WARN_UNDECLARED_SELECTOR = YES;
				GCC_WARN_UNINITIALIZED_AUTOS = YES_AGGRESSIVE;
				GCC_WARN_UNUSED_FUNCTION = YES;
				GCC_WARN_UNUSED_VARIABLE = YES;
				IPHONEOS_DEPLOYMENT_TARGET = 13.2;
				MTL_ENABLE_DEBUG_INFO = INCLUDE_SOURCE;
				MTL_FAST_MATH = YES;
				ONLY_ACTIVE_ARCH = YES;
				SDKROOT = iphoneos;
				SWIFT_ACTIVE_COMPILATION_CONDITIONS = DEBUG;
				SWIFT_OPTIMIZATION_LEVEL = "-Onone";
			};
			name = Debug;
		};
		284A9E1D23BE856D00FF9272 /* Release */ = {
			isa = XCBuildConfiguration;
			buildSettings = {
				ALWAYS_SEARCH_USER_PATHS = NO;
				CLANG_ANALYZER_NONNULL = YES;
				CLANG_ANALYZER_NUMBER_OBJECT_CONVERSION = YES_AGGRESSIVE;
				CLANG_CXX_LANGUAGE_STANDARD = "gnu++14";
				CLANG_CXX_LIBRARY = "libc++";
				CLANG_ENABLE_MODULES = YES;
				CLANG_ENABLE_OBJC_ARC = YES;
				CLANG_ENABLE_OBJC_WEAK = YES;
				CLANG_WARN_BLOCK_CAPTURE_AUTORELEASING = YES;
				CLANG_WARN_BOOL_CONVERSION = YES;
				CLANG_WARN_COMMA = YES;
				CLANG_WARN_CONSTANT_CONVERSION = YES;
				CLANG_WARN_DEPRECATED_OBJC_IMPLEMENTATIONS = YES;
				CLANG_WARN_DIRECT_OBJC_ISA_USAGE = YES_ERROR;
				CLANG_WARN_DOCUMENTATION_COMMENTS = YES;
				CLANG_WARN_EMPTY_BODY = YES;
				CLANG_WARN_ENUM_CONVERSION = YES;
				CLANG_WARN_INFINITE_RECURSION = YES;
				CLANG_WARN_INT_CONVERSION = YES;
				CLANG_WARN_NON_LITERAL_NULL_CONVERSION = YES;
				CLANG_WARN_OBJC_IMPLICIT_RETAIN_SELF = YES;
				CLANG_WARN_OBJC_LITERAL_CONVERSION = YES;
				CLANG_WARN_OBJC_ROOT_CLASS = YES_ERROR;
				CLANG_WARN_RANGE_LOOP_ANALYSIS = YES;
				CLANG_WARN_STRICT_PROTOTYPES = YES;
				CLANG_WARN_SUSPICIOUS_MOVE = YES;
				CLANG_WARN_UNGUARDED_AVAILABILITY = YES_AGGRESSIVE;
				CLANG_WARN_UNREACHABLE_CODE = YES;
				CLANG_WARN__DUPLICATE_METHOD_MATCH = YES;
				COPY_PHASE_STRIP = NO;
				DEBUG_INFORMATION_FORMAT = "dwarf-with-dsym";
				ENABLE_NS_ASSERTIONS = NO;
				ENABLE_STRICT_OBJC_MSGSEND = YES;
				GCC_C_LANGUAGE_STANDARD = gnu11;
				GCC_NO_COMMON_BLOCKS = YES;
				GCC_WARN_64_TO_32_BIT_CONVERSION = YES;
				GCC_WARN_ABOUT_RETURN_TYPE = YES_ERROR;
				GCC_WARN_UNDECLARED_SELECTOR = YES;
				GCC_WARN_UNINITIALIZED_AUTOS = YES_AGGRESSIVE;
				GCC_WARN_UNUSED_FUNCTION = YES;
				GCC_WARN_UNUSED_VARIABLE = YES;
				IPHONEOS_DEPLOYMENT_TARGET = 13.2;
				MTL_ENABLE_DEBUG_INFO = NO;
				MTL_FAST_MATH = YES;
				SDKROOT = iphoneos;
				SWIFT_COMPILATION_MODE = wholemodule;
				SWIFT_OPTIMIZATION_LEVEL = "-O";
				VALIDATE_PRODUCT = YES;
			};
			name = Release;
		};
		284A9E1F23BE856D00FF9272 /* Debug */ = {
			isa = XCBuildConfiguration;
			buildSettings = {
				ASSETCATALOG_COMPILER_APPICON_NAME = AppIcon;
				CODE_SIGN_STYLE = Automatic;
				INFOPLIST_FILE = PathDrawingDemo/Info.plist;
				LD_RUNPATH_SEARCH_PATHS = (
					"$(inherited)",
					"@executable_path/Frameworks",
				);
				PRODUCT_BUNDLE_IDENTIFIER = AIT.PathDrawingDemo;
				PRODUCT_NAME = "$(TARGET_NAME)";
				SWIFT_VERSION = 5.0;
				TARGETED_DEVICE_FAMILY = "1,2";
			};
			name = Debug;
		};
		284A9E2023BE856D00FF9272 /* Release */ = {
			isa = XCBuildConfiguration;
			buildSettings = {
				ASSETCATALOG_COMPILER_APPICON_NAME = AppIcon;
				CODE_SIGN_STYLE = Automatic;
				INFOPLIST_FILE = PathDrawingDemo/Info.plist;
				LD_RUNPATH_SEARCH_PATHS = (
					"$(inherited)",
					"@executable_path/Frameworks",
				);
				PRODUCT_BUNDLE_IDENTIFIER = AIT.PathDrawingDemo;
				PRODUCT_NAME = "$(TARGET_NAME)";
				SWIFT_VERSION = 5.0;
				TARGETED_DEVICE_FAMILY = "1,2";
			};
			name = Release;
		};
/* End XCBuildConfiguration section */

/* Begin XCConfigurationList section */
		284A9E0523BE856A00FF9272 /* Build configuration list for PBXProject "PathDrawingDemo" */ = {
			isa = XCConfigurationList;
			buildConfigurations = (
				284A9E1C23BE856D00FF9272 /* Debug */,
				284A9E1D23BE856D00FF9272 /* Release */,
			);
			defaultConfigurationIsVisible = 0;
			defaultConfigurationName = Release;
		};
		284A9E1E23BE856D00FF9272 /* Build configuration list for PBXNativeTarget "PathDrawingDemo" */ = {
			isa = XCConfigurationList;
			buildConfigurations = (
				284A9E1F23BE856D00FF9272 /* Debug */,
				284A9E2023BE856D00FF9272 /* Release */,
			);
			defaultConfigurationIsVisible = 0;
			defaultConfigurationName = Release;
		};
/* End XCConfigurationList section */
	};
	rootObject = 284A9E0223BE856A00FF9272 /* Project object */;
}
